<?xml version="1.0" encoding="utf-8"?>
<Project ToolsVersion="4.0" xmlns="http://schemas.microsoft.com/developer/msbuild/2003">
  <ItemGroup>
    <Filter Include="Source Files">
      <UniqueIdentifier>{dd6a86b9-6a5c-496e-ad5a-4d87f1c8243d}</UniqueIdentifier>
      <Extensions>txt</Extensions>
    </Filter>
    <Filter Include="Header Files">
      <UniqueIdentifier>{e9172bc1-03fa-4b13-8014-cc42be9e95e8}</UniqueIdentifier>
    </Filter>
  </ItemGroup>
  <ItemGroup>
    <ClCompile Include="URecog.cpp">
      <Filter>Source Files</Filter>
    </ClCompile>
  </ItemGroup>
  <ItemGroup>
    <ClInclude Include="URecog.h">
      <Filter>Header Files</Filter>
    </ClInclude>
  </ItemGroup>
</Project>