<?xml version="1.0" encoding="utf-8"?>
<Project ToolsVersion="4.0" xmlns="http://schemas.microsoft.com/developer/msbuild/2003">
  <ItemGroup>
    <Filter Include="Source Files">
      <UniqueIdentifier>{01862c9b-d83c-45b2-b171-1cc6b3e18fb8}</UniqueIdentifier>
      <Extensions>txt</Extensions>
    </Filter>
    <Filter Include="Header Files">
      <UniqueIdentifier>{2b656362-004c-44e7-b650-88b8d8d36324}</UniqueIdentifier>
    </Filter>
  </ItemGroup>
  <ItemGroup>
    <ClCompile Include="UKinect.cpp">
      <Filter>Source Files</Filter>
    </ClCompile>
    <ClCompile Include="functions_depth.cpp">
      <Filter>Source Files</Filter>
    </ClCompile>
    <ClCompile Include="functions_skeleton.cpp">
      <Filter>Source Files</Filter>
    </ClCompile>
    <ClCompile Include="NuiActivityWatcher.cpp">
      <Filter>Source Files</Filter>
    </ClCompile>
    <ClCompile Include="functions_audio.cpp">
      <Filter>Source Files</Filter>
    </ClCompile>
    <ClCompile Include="functions_color.cpp">
      <Filter>Source Files</Filter>
    </ClCompile>
    <ClCompile Include="functions_tilt.cpp">
      <Filter>Source Files</Filter>
    </ClCompile>
    <ClCompile Include="functions_accelerometer.cpp">
      <Filter>Source Files</Filter>
    </ClCompile>
    <ClCompile Include="functions_face.cpp">
      <Filter>Source Files</Filter>
    </ClCompile>
    <ClCompile Include="Visualize.cpp">
      <Filter>Source Files</Filter>
    </ClCompile>
    <ClCompile Include="KinectAudioStream.cpp">
      <Filter>Source Files</Filter>
    </ClCompile>
    <ClCompile Include="functions_speech.cpp">
      <Filter>Source Files</Filter>
    </ClCompile>
    <ClCompile Include="functions_inter.cpp">
      <Filter>Source Files</Filter>
    </ClCompile>
    <ClCompile Include="WaveWriter.cpp">
      <Filter>Source Files</Filter>
    </ClCompile>
  </ItemGroup>
  <ItemGroup>
    <ClInclude Include="UKinect.h">
      <Filter>Header Files</Filter>
    </ClInclude>
    <ClInclude Include="NuiActivityWatcher.h">
      <Filter>Header Files</Filter>
    </ClInclude>
    <ClInclude Include="Utility.h">
      <Filter>Header Files</Filter>
    </ClInclude>
    <ClInclude Include="Visualize.h">
      <Filter>Header Files</Filter>
    </ClInclude>
    <ClInclude Include="KinectAudioStream.h">
      <Filter>Header Files</Filter>
    </ClInclude>
    <ClInclude Include="WaveWriter.h">
      <Filter>Header Files</Filter>
    </ClInclude>
  </ItemGroup>
</Project>